// !$*UTF8*$!
{
	archiveVersion = 1;
	classes = {
	};
	objectVersion = 46;
	objects = {

/* Begin PBXBuildFile section */
		F2D5C8601CBF485E0094F010 /* AppDelegate.swift in Sources */ = {isa = PBXBuildFile; fileRef = F2D5C85F1CBF485E0094F010 /* AppDelegate.swift */; };
		F2D5C8621CBF485E0094F010 /* ViewController.swift in Sources */ = {isa = PBXBuildFile; fileRef = F2D5C8611CBF485E0094F010 /* ViewController.swift */; };
		F2D5C8651CBF485E0094F010 /* Main.storyboard in Resources */ = {isa = PBXBuildFile; fileRef = F2D5C8631CBF485E0094F010 /* Main.storyboard */; };
		F2D5C8671CBF485E0094F010 /* Assets.xcassets in Resources */ = {isa = PBXBuildFile; fileRef = F2D5C8661CBF485E0094F010 /* Assets.xcassets */; };
		F2D5C86A1CBF485E0094F010 /* LaunchScreen.storyboard in Resources */ = {isa = PBXBuildFile; fileRef = F2D5C8681CBF485E0094F010 /* LaunchScreen.storyboard */; };
		F2D5C8751CBF485E0094F010 /* CScoreTests.swift in Sources */ = {isa = PBXBuildFile; fileRef = F2D5C8741CBF485E0094F010 /* CScoreTests.swift */; };
		F2D5C8801CBF485E0094F010 /* CScoreUITests.swift in Sources */ = {isa = PBXBuildFile; fileRef = F2D5C87F1CBF485E0094F010 /* CScoreUITests.swift */; };
/* End PBXBuildFile section */

/* Begin PBXContainerItemProxy section */
		F2D5C8711CBF485E0094F010 /* PBXContainerItemProxy */ = {
			isa = PBXContainerItemProxy;
			containerPortal = F2D5C8541CBF485E0094F010 /* Project object */;
			proxyType = 1;
			remoteGlobalIDString = F2D5C85B1CBF485E0094F010;
			remoteInfo = CScore;
		};
		F2D5C87C1CBF485E0094F010 /* PBXContainerItemProxy */ = {
			isa = PBXContainerItemProxy;
			containerPortal = F2D5C8541CBF485E0094F010 /* Project object */;
			proxyType = 1;
			remoteGlobalIDString = F2D5C85B1CBF485E0094F010;
			remoteInfo = CScore;
		};
/* End PBXContainerItemProxy section */

/* Begin PBXFileReference section */
		F2D5C85C1CBF485E0094F010 /* CScore.app */ = {isa = PBXFileReference; explicitFileType = wrapper.application; includeInIndex = 0; path = CScore.app; sourceTree = BUILT_PRODUCTS_DIR; };
		F2D5C85F1CBF485E0094F010 /* AppDelegate.swift */ = {isa = PBXFileReference; lastKnownFileType = sourcecode.swift; path = AppDelegate.swift; sourceTree = "<group>"; };
		F2D5C8611CBF485E0094F010 /* ViewController.swift */ = {isa = PBXFileReference; lastKnownFileType = sourcecode.swift; path = ViewController.swift; sourceTree = "<group>"; };
		F2D5C8641CBF485E0094F010 /* Base */ = {isa = PBXFileReference; lastKnownFileType = file.storyboard; name = Base; path = Base.lproj/Main.storyboard; sourceTree = "<group>"; };
		F2D5C8661CBF485E0094F010 /* Assets.xcassets */ = {isa = PBXFileReference; lastKnownFileType = folder.assetcatalog; path = Assets.xcassets; sourceTree = "<group>"; };
		F2D5C8691CBF485E0094F010 /* Base */ = {isa = PBXFileReference; lastKnownFileType = file.storyboard; name = Base; path = Base.lproj/LaunchScreen.storyboard; sourceTree = "<group>"; };
		F2D5C86B1CBF485E0094F010 /* Info.plist */ = {isa = PBXFileReference; lastKnownFileType = text.plist.xml; path = Info.plist; sourceTree = "<group>"; };
		F2D5C8701CBF485E0094F010 /* CScoreTests.xctest */ = {isa = PBXFileReference; explicitFileType = wrapper.cfbundle; includeInIndex = 0; path = CScoreTests.xctest; sourceTree = BUILT_PRODUCTS_DIR; };
		F2D5C8741CBF485E0094F010 /* CScoreTests.swift */ = {isa = PBXFileReference; lastKnownFileType = sourcecode.swift; path = CScoreTests.swift; sourceTree = "<group>"; };
		F2D5C8761CBF485E0094F010 /* Info.plist */ = {isa = PBXFileReference; lastKnownFileType = text.plist.xml; path = Info.plist; sourceTree = "<group>"; };
		F2D5C87B1CBF485E0094F010 /* CScoreUITests.xctest */ = {isa = PBXFileReference; explicitFileType = wrapper.cfbundle; includeInIndex = 0; path = CScoreUITests.xctest; sourceTree = BUILT_PRODUCTS_DIR; };
		F2D5C87F1CBF485E0094F010 /* CScoreUITests.swift */ = {isa = PBXFileReference; lastKnownFileType = sourcecode.swift; path = CScoreUITests.swift; sourceTree = "<group>"; };
		F2D5C8811CBF485E0094F010 /* Info.plist */ = {isa = PBXFileReference; lastKnownFileType = text.plist.xml; path = Info.plist; sourceTree = "<group>"; };
/* End PBXFileReference section */

/* Begin PBXFrameworksBuildPhase section */
		F2D5C8591CBF485E0094F010 /* Frameworks */ = {
			isa = PBXFrameworksBuildPhase;
			buildActionMask = 2147483647;
			files = (
			);
			runOnlyForDeploymentPostprocessing = 0;
		};
		F2D5C86D1CBF485E0094F010 /* Frameworks */ = {
			isa = PBXFrameworksBuildPhase;
			buildActionMask = 2147483647;
			files = (
			);
			runOnlyForDeploymentPostprocessing = 0;
		};
		F2D5C8781CBF485E0094F010 /* Frameworks */ = {
			isa = PBXFrameworksBuildPhase;
			buildActionMask = 2147483647;
			files = (
			);
			runOnlyForDeploymentPostprocessing = 0;
		};
/* End PBXFrameworksBuildPhase section */

/* Begin PBXGroup section */
		F2D5C8531CBF485E0094F010 = {
			isa = PBXGroup;
			children = (
				F2D5C85E1CBF485E0094F010 /* CScore */,
				F2D5C8731CBF485E0094F010 /* CScoreTests */,
				F2D5C87E1CBF485E0094F010 /* CScoreUITests */,
				F2D5C85D1CBF485E0094F010 /* Products */,
			);
			sourceTree = "<group>";
		};
		F2D5C85D1CBF485E0094F010 /* Products */ = {
			isa = PBXGroup;
			children = (
				F2D5C85C1CBF485E0094F010 /* CScore.app */,
				F2D5C8701CBF485E0094F010 /* CScoreTests.xctest */,
				F2D5C87B1CBF485E0094F010 /* CScoreUITests.xctest */,
			);
			name = Products;
			sourceTree = "<group>";
		};
		F2D5C85E1CBF485E0094F010 /* CScore */ = {
			isa = PBXGroup;
			children = (
				F2D5C85F1CBF485E0094F010 /* AppDelegate.swift */,
				F2D5C8611CBF485E0094F010 /* ViewController.swift */,
				F2D5C8631CBF485E0094F010 /* Main.storyboard */,
				F2D5C8661CBF485E0094F010 /* Assets.xcassets */,
				F2D5C8681CBF485E0094F010 /* LaunchScreen.storyboard */,
				F2D5C86B1CBF485E0094F010 /* Info.plist */,
			);
			path = CScore;
			sourceTree = "<group>";
		};
		F2D5C8731CBF485E0094F010 /* CScoreTests */ = {
			isa = PBXGroup;
			children = (
				F2D5C8741CBF485E0094F010 /* CScoreTests.swift */,
				F2D5C8761CBF485E0094F010 /* Info.plist */,
			);
			path = CScoreTests;
			sourceTree = "<group>";
		};
		F2D5C87E1CBF485E0094F010 /* CScoreUITests */ = {
			isa = PBXGroup;
			children = (
				F2D5C87F1CBF485E0094F010 /* CScoreUITests.swift */,
				F2D5C8811CBF485E0094F010 /* Info.plist */,
			);
			path = CScoreUITests;
			sourceTree = "<group>";
		};
/* End PBXGroup section */

/* Begin PBXNativeTarget section */
		F2D5C85B1CBF485E0094F010 /* CScore */ = {
			isa = PBXNativeTarget;
			buildConfigurationList = F2D5C8841CBF485E0094F010 /* Build configuration list for PBXNativeTarget "CScore" */;
			buildPhases = (
				F2D5C8581CBF485E0094F010 /* Sources */,
				F2D5C8591CBF485E0094F010 /* Frameworks */,
				F2D5C85A1CBF485E0094F010 /* Resources */,
			);
			buildRules = (
			);
			dependencies = (
			);
			name = CScore;
			productName = CScore;
			productReference = F2D5C85C1CBF485E0094F010 /* CScore.app */;
			productType = "com.apple.product-type.application";
		};
		F2D5C86F1CBF485E0094F010 /* CScoreTests */ = {
			isa = PBXNativeTarget;
			buildConfigurationList = F2D5C8871CBF485E0094F010 /* Build configuration list for PBXNativeTarget "CScoreTests" */;
			buildPhases = (
				F2D5C86C1CBF485E0094F010 /* Sources */,
				F2D5C86D1CBF485E0094F010 /* Frameworks */,
				F2D5C86E1CBF485E0094F010 /* Resources */,
			);
			buildRules = (
			);
			dependencies = (
				F2D5C8721CBF485E0094F010 /* PBXTargetDependency */,
			);
			name = CScoreTests;
			productName = CScoreTests;
			productReference = F2D5C8701CBF485E0094F010 /* CScoreTests.xctest */;
			productType = "com.apple.product-type.bundle.unit-test";
		};
		F2D5C87A1CBF485E0094F010 /* CScoreUITests */ = {
			isa = PBXNativeTarget;
			buildConfigurationList = F2D5C88A1CBF485E0094F010 /* Build configuration list for PBXNativeTarget "CScoreUITests" */;
			buildPhases = (
				F2D5C8771CBF485E0094F010 /* Sources */,
				F2D5C8781CBF485E0094F010 /* Frameworks */,
				F2D5C8791CBF485E0094F010 /* Resources */,
			);
			buildRules = (
			);
			dependencies = (
				F2D5C87D1CBF485E0094F010 /* PBXTargetDependency */,
			);
			name = CScoreUITests;
			productName = CScoreUITests;
			productReference = F2D5C87B1CBF485E0094F010 /* CScoreUITests.xctest */;
			productType = "com.apple.product-type.bundle.ui-testing";
		};
/* End PBXNativeTarget section */

/* Begin PBXProject section */
		F2D5C8541CBF485E0094F010 /* Project object */ = {
			isa = PBXProject;
			attributes = {
				LastUpgradeCheck = 0710;
				ORGANIZATIONNAME = "杨泽奇";
				TargetAttributes = {
					F2D5C85B1CBF485E0094F010 = {
						CreatedOnToolsVersion = 7.1;
					};
					F2D5C86F1CBF485E0094F010 = {
						CreatedOnToolsVersion = 7.1;
						TestTargetID = F2D5C85B1CBF485E0094F010;
					};
					F2D5C87A1CBF485E0094F010 = {
						CreatedOnToolsVersion = 7.1;
						TestTargetID = F2D5C85B1CBF485E0094F010;
					};
				};
			};
			buildConfigurationList = F2D5C8571CBF485E0094F010 /* Build configuration list for PBXProject "CScore" */;
			compatibilityVersion = "Xcode 3.2";
			developmentRegion = English;
			hasScannedForEncodings = 0;
			knownRegions = (
				en,
				Base,
			);
			mainGroup = F2D5C8531CBF485E0094F010;
			productRefGroup = F2D5C85D1CBF485E0094F010 /* Products */;
			projectDirPath = "";
			projectRoot = "";
			targets = (
				F2D5C85B1CBF485E0094F010 /* CScore */,
				F2D5C86F1CBF485E0094F010 /* CScoreTests */,
				F2D5C87A1CBF485E0094F010 /* CScoreUITests */,
			);
		};
/* End PBXProject section */

/* Begin PBXResourcesBuildPhase section */
		F2D5C85A1CBF485E0094F010 /* Resources */ = {
			isa = PBXResourcesBuildPhase;
			buildActionMask = 2147483647;
			files = (
				F2D5C86A1CBF485E0094F010 /* LaunchScreen.storyboard in Resources */,
				F2D5C8671CBF485E0094F010 /* Assets.xcassets in Resources */,
				F2D5C8651CBF485E0094F010 /* Main.storyboard in Resources */,
			);
			runOnlyForDeploymentPostprocessing = 0;
		};
		F2D5C86E1CBF485E0094F010 /* Resources */ = {
			isa = PBXResourcesBuildPhase;
			buildActionMask = 2147483647;
			files = (
			);
			runOnlyForDeploymentPostprocessing = 0;
		};
		F2D5C8791CBF485E0094F010 /* Resources */ = {
			isa = PBXResourcesBuildPhase;
			buildActionMask = 2147483647;
			files = (
			);
			runOnlyForDeploymentPostprocessing = 0;
		};
/* End PBXResourcesBuildPhase section */

/* Begin PBXSourcesBuildPhase section */
		F2D5C8581CBF485E0094F010 /* Sources */ = {
			isa = PBXSourcesBuildPhase;
			buildActionMask = 2147483647;
			files = (
				F2D5C8621CBF485E0094F010 /* ViewController.swift in Sources */,
				F2D5C8601CBF485E0094F010 /* AppDelegate.swift in Sources */,
			);
			runOnlyForDeploymentPostprocessing = 0;
		};
		F2D5C86C1CBF485E0094F010 /* Sources */ = {
			isa = PBXSourcesBuildPhase;
			buildActionMask = 2147483647;
			files = (
				F2D5C8751CBF485E0094F010 /* CScoreTests.swift in Sources */,
			);
			runOnlyForDeploymentPostprocessing = 0;
		};
		F2D5C8771CBF485E0094F010 /* Sources */ = {
			isa = PBXSourcesBuildPhase;
			buildActionMask = 2147483647;
			files = (
				F2D5C8801CBF485E0094F010 /* CScoreUITests.swift in Sources */,
			);
			runOnlyForDeploymentPostprocessing = 0;
		};
/* End PBXSourcesBuildPhase section */

/* Begin PBXTargetDependency section */
		F2D5C8721CBF485E0094F010 /* PBXTargetDependency */ = {
			isa = PBXTargetDependency;
			target = F2D5C85B1CBF485E0094F010 /* CScore */;
			targetProxy = F2D5C8711CBF485E0094F010 /* PBXContainerItemProxy */;
		};
		F2D5C87D1CBF485E0094F010 /* PBXTargetDependency */ = {
			isa = PBXTargetDependency;
			target = F2D5C85B1CBF485E0094F010 /* CScore */;
			targetProxy = F2D5C87C1CBF485E0094F010 /* PBXContainerItemProxy */;
		};
/* End PBXTargetDependency section */

/* Begin PBXVariantGroup section */
		F2D5C8631CBF485E0094F010 /* Main.storyboard */ = {
			isa = PBXVariantGroup;
			children = (
				F2D5C8641CBF485E0094F010 /* Base */,
			);
			name = Main.storyboard;
			sourceTree = "<group>";
		};
		F2D5C8681CBF485E0094F010 /* LaunchScreen.storyboard */ = {
			isa = PBXVariantGroup;
			children = (
				F2D5C8691CBF485E0094F010 /* Base */,
			);
			name = LaunchScreen.storyboard;
			sourceTree = "<group>";
		};
/* End PBXVariantGroup section */

/* Begin XCBuildConfiguration section */
		F2D5C8821CBF485E0094F010 /* Debug */ = {
			isa = XCBuildConfiguration;
			buildSettings = {
				ALWAYS_SEARCH_USER_PATHS = NO;
				CLANG_CXX_LANGUAGE_STANDARD = "gnu++0x";
				CLANG_CXX_LIBRARY = "libc++";
				CLANG_ENABLE_MODULES = YES;
				CLANG_ENABLE_OBJC_ARC = YES;
				CLANG_WARN_BOOL_CONVERSION = YES;
				CLANG_WARN_CONSTANT_CONVERSION = YES;
				CLANG_WARN_DIRECT_OBJC_ISA_USAGE = YES_ERROR;
				CLANG_WARN_EMPTY_BODY = YES;
				CLANG_WARN_ENUM_CONVERSION = YES;
				CLANG_WARN_INT_CONVERSION = YES;
				CLANG_WARN_OBJC_ROOT_CLASS = YES_ERROR;
				CLANG_WARN_UNREACHABLE_CODE = YES;
				CLANG_WARN__DUPLICATE_METHOD_MATCH = YES;
				"CODE_SIGN_IDENTITY[sdk=iphoneos*]" = "iPhone Developer";
				COPY_PHASE_STRIP = NO;
				DEBUG_INFORMATION_FORMAT = dwarf;
				ENABLE_STRICT_OBJC_MSGSEND = YES;
				ENABLE_TESTABILITY = YES;
				GCC_C_LANGUAGE_STANDARD = gnu99;
				GCC_DYNAMIC_NO_PIC = NO;
				GCC_NO_COMMON_BLOCKS = YES;
				GCC_OPTIMIZATION_LEVEL = 0;
				GCC_PREPROCESSOR_DEFINITIONS = (
					"DEBUG=1",
					"$(inherited)",
				);
				GCC_WARN_64_TO_32_BIT_CONVERSION = YES;
				GCC_WARN_ABOUT_RETURN_TYPE = YES_ERROR;
				GCC_WARN_UNDECLARED_SELECTOR = YES;
				GCC_WARN_UNINITIALIZED_AUTOS = YES_AGGRESSIVE;
				GCC_WARN_UNUSED_FUNCTION = YES;
				GCC_WARN_UNUSED_VARIABLE = YES;
				IPHONEOS_DEPLOYMENT_TARGET = 9.1;
				MTL_ENABLE_DEBUG_INFO = YES;
				ONLY_ACTIVE_ARCH = YES;
				SDKROOT = iphoneos;
				SWIFT_OPTIMIZATION_LEVEL = "-Onone";
			};
			name = Debug;
		};
		F2D5C8831CBF485E0094F010 /* Release */ = {
			isa = XCBuildConfiguration;
			buildSettings = {
				ALWAYS_SEARCH_USER_PATHS = NO;
				CLANG_CXX_LANGUAGE_STANDARD = "gnu++0x";
				CLANG_CXX_LIBRARY = "libc++";
				CLANG_ENABLE_MODULES = YES;
				CLANG_ENABLE_OBJC_ARC = YES;
				CLANG_WARN_BOOL_CONVERSION = YES;
				CLANG_WARN_CONSTANT_CONVERSION = YES;
				CLANG_WARN_DIRECT_OBJC_ISA_USAGE = YES_ERROR;
				CLANG_WARN_EMPTY_BODY = YES;
				CLANG_WARN_ENUM_CONVERSION = YES;
				CLANG_WARN_INT_CONVERSION = YES;
				CLANG_WARN_OBJC_ROOT_CLASS = YES_ERROR;
				CLANG_WARN_UNREACHABLE_CODE = YES;
				CLANG_WARN__DUPLICATE_METHOD_MATCH = YES;
				"CODE_SIGN_IDENTITY[sdk=iphoneos*]" = "iPhone Developer";
				COPY_PHASE_STRIP = NO;
				DEBUG_INFORMATION_FORMAT = "dwarf-with-dsym";
				ENABLE_NS_ASSERTIONS = NO;
				ENABLE_STRICT_OBJC_MSGSEND = YES;
				GCC_C_LANGUAGE_STANDARD = gnu99;
				GCC_NO_COMMON_BLOCKS = YES;
				GCC_WARN_64_TO_32_BIT_CONVERSION = YES;
				GCC_WARN_ABOUT_RETURN_TYPE = YES_ERROR;
				GCC_WARN_UNDECLARED_SELECTOR = YES;
				GCC_WARN_UNINITIALIZED_AUTOS = YES_AGGRESSIVE;
				GCC_WARN_UNUSED_FUNCTION = YES;
				GCC_WARN_UNUSED_VARIABLE = YES;
				IPHONEOS_DEPLOYMENT_TARGET = 9.1;
				MTL_ENABLE_DEBUG_INFO = NO;
				SDKROOT = iphoneos;
				VALIDATE_PRODUCT = YES;
			};
			name = Release;
		};
		F2D5C8851CBF485E0094F010 /* Debug */ = {
			isa = XCBuildConfiguration;
			buildSettings = {
				ASSETCATALOG_COMPILER_APPICON_NAME = AppIcon;
				INFOPLIST_FILE = CScore/Info.plist;
				LD_RUNPATH_SEARCH_PATHS = "$(inherited) @executable_path/Frameworks";
				PRODUCT_BUNDLE_IDENTIFIER = www.imnu.edu.cn.CScore;
				PRODUCT_NAME = "$(TARGET_NAME)";
			};
			name = Debug;
		};
		F2D5C8861CBF485E0094F010 /* Release */ = {
			isa = XCBuildConfiguration;
			buildSettings = {
				ASSETCATALOG_COMPILER_APPICON_NAME = AppIcon;
				INFOPLIST_FILE = CScore/Info.plist;
				LD_RUNPATH_SEARCH_PATHS = "$(inherited) @executable_path/Frameworks";
				PRODUCT_BUNDLE_IDENTIFIER = www.imnu.edu.cn.CScore;
				PRODUCT_NAME = "$(TARGET_NAME)";
			};
			name = Release;
		};
		F2D5C8881CBF485E0094F010 /* Debug */ = {
			isa = XCBuildConfiguration;
			buildSettings = {
				BUNDLE_LOADER = "$(TEST_HOST)";
				INFOPLIST_FILE = CScoreTests/Info.plist;
				LD_RUNPATH_SEARCH_PATHS = "$(inherited) @executable_path/Frameworks @loader_path/Frameworks";
				PRODUCT_BUNDLE_IDENTIFIER = www.imnu.edu.cn.CScoreTests;
				PRODUCT_NAME = "$(TARGET_NAME)";
				TEST_HOST = "$(BUILT_PRODUCTS_DIR)/CScore.app/CScore";
			};
			name = Debug;
		};
		F2D5C8891CBF485E0094F010 /* Release */ = {
			isa = XCBuildConfiguration;
			buildSettings = {
				BUNDLE_LOADER = "$(TEST_HOST)";
				INFOPLIST_FILE = CScoreTests/Info.plist;
				LD_RUNPATH_SEARCH_PATHS = "$(inherited) @executable_path/Frameworks @loader_path/Frameworks";
				PRODUCT_BUNDLE_IDENTIFIER = www.imnu.edu.cn.CScoreTests;
				PRODUCT_NAME = "$(TARGET_NAME)";
				TEST_HOST = "$(BUILT_PRODUCTS_DIR)/CScore.app/CScore";
			};
			name = Release;
		};
		F2D5C88B1CBF485E0094F010 /* Debug */ = {
			isa = XCBuildConfiguration;
			buildSettings = {
				INFOPLIST_FILE = CScoreUITests/Info.plist;
				LD_RUNPATH_SEARCH_PATHS = "$(inherited) @executable_path/Frameworks @loader_path/Frameworks";
				PRODUCT_BUNDLE_IDENTIFIER = www.imnu.edu.cn.CScoreUITests;
				PRODUCT_NAME = "$(TARGET_NAME)";
				TEST_TARGET_NAME = CScore;
				USES_XCTRUNNER = YES;
			};
			name = Debug;
		};
		F2D5C88C1CBF485E0094F010 /* Release */ = {
			isa = XCBuildConfiguration;
			buildSettings = {
				INFOPLIST_FILE = CScoreUITests/Info.plist;
				LD_RUNPATH_SEARCH_PATHS = "$(inherited) @executable_path/Frameworks @loader_path/Frameworks";
				PRODUCT_BUNDLE_IDENTIFIER = www.imnu.edu.cn.CScoreUITests;
				PRODUCT_NAME = "$(TARGET_NAME)";
				TEST_TARGET_NAME = CScore;
				USES_XCTRUNNER = YES;
			};
			name = Release;
		};
/* End XCBuildConfiguration section */

/* Begin XCConfigurationList section */
		F2D5C8571CBF485E0094F010 /* Build configuration list for PBXProject "CScore" */ = {
			isa = XCConfigurationList;
			buildConfigurations = (
				F2D5C8821CBF485E0094F010 /* Debug */,
				F2D5C8831CBF485E0094F010 /* Release */,
			);
			defaultConfigurationIsVisible = 0;
			defaultConfigurationName = Release;
		};
		F2D5C8841CBF485E0094F010 /* Build configuration list for PBXNativeTarget "CScore" */ = {
			isa = XCConfigurationList;
			buildConfigurations = (
				F2D5C8851CBF485E0094F010 /* Debug */,
				F2D5C8861CBF485E0094F010 /* Release */,
			);
			defaultConfigurationIsVisible = 0;
		};
		F2D5C8871CBF485E0094F010 /* Build configuration list for PBXNativeTarget "CScoreTests" */ = {
			isa = XCConfigurationList;
			buildConfigurations = (
				F2D5C8881CBF485E0094F010 /* Debug */,
				F2D5C8891CBF485E0094F010 /* Release */,
			);
			defaultConfigurationIsVisible = 0;
		};
		F2D5C88A1CBF485E0094F010 /* Build configuration list for PBXNativeTarget "CScoreUITests" */ = {
			isa = XCConfigurationList;
			buildConfigurations = (
				F2D5C88B1CBF485E0094F010 /* Debug */,
				F2D5C88C1CBF485E0094F010 /* Release */,
			);
			defaultConfigurationIsVisible = 0;
		};
/* End XCConfigurationList section */
	};
	rootObject = F2D5C8541CBF485E0094F010 /* Project object */;
}
